Microsoft Visual Studio Solution File, Format Version 7.00
Project("{8BC9CEB8-8B4A-11D0-8D11-00A0C91BC942}") = "ZImageTest", "ZImageTest.vcproj", "{7DA4211A-D6BD-4F3E-8FC6-AA47DC8EBC66}"
EndProject
Project("{8BC9CEB8-8B4A-11D0-8D11-00A0C91BC942}") = "ZFontTest", "ZFontTest.vcproj", "{999F6F58-3518-4F66-AEDD-FAD808DA2878}"
EndProject
Project("{8BC9CEB8-8B4A-11D0-8D11-00A0C91BC942}") = "ZTimerTest", "ZTimerTest.vcproj", "{18BBFFEC-92F0-40C7-BDF9-2C2D5CA62673}"
EndProject
Project("{8BC9CEB8-8B4A-11D0-8D11-00A0C91BC942}") = "ZMusicTest", "ZMusicTest.vcproj", "{C658B38D-B4E7-434D-8431-88BAD8CF0781}"
EndProject
Project("{8BC9CEB8-8B4A-11D0-8D11-00A0C91BC942}") = "ZSoundTest", "ZSoundTest.vcproj", "{1CE76EE8-27D4-41AE-9229-5B09922EBFE9}"
EndProject
Project("{8BC9CEB8-8B4A-11D0-8D11-00A0C91BC942}") = "ZMouseTest", "ZMouseTest.vcproj", "{68E3AB20-1BC1-4852-9A91-33DADFCED7CA}"
EndProject
Project("{8BC9CEB8-8B4A-11D0-8D11-00A0C91BC942}") = "ZRectTest", "ZRectTest.vcproj", "{37D500C5-E6C4-4E56-BFAA-33F1303B147C}"
EndProject
Project("{8BC9CEB8-8B4A-11D0-8D11-00A0C91BC942}") = "ZParticleTest", "ZParticleTest.vcproj", "{1CE76EE8-27D4-41AE-9229-5B09922EBFE9}"
EndProject
Project("{8BC9CEB8-8B4A-11D0-8D11-00A0C91BC942}") = "ZAnimTest", "ZAnimTest.vcproj", "{7DA4211A-D6BD-4F3E-8FC6-AA47DC8EBC66}"
EndProject
Project("{8BC9CEB8-8B4A-11D0-8D11-00A0C91BC942}") = "ZEngine", "ZEngine.vcproj", "{65AA7404-28C1-4B15-979E-4D3A14092CC1}"
EndProject
Global
	GlobalSection(SolutionConfiguration) = preSolution
		ConfigName.0 = Debug
		ConfigName.1 = Release
	EndGlobalSection
	GlobalSection(ProjectDependencies) = postSolution
	EndGlobalSection
	GlobalSection(ProjectConfiguration) = postSolution
		{7DA4211A-D6BD-4F3E-8FC6-AA47DC8EBC66}.Debug.ActiveCfg = Release|Win32
		{7DA4211A-D6BD-4F3E-8FC6-AA47DC8EBC66}.Debug.Build.0 = Release|Win32
		{7DA4211A-D6BD-4F3E-8FC6-AA47DC8EBC66}.Release.ActiveCfg = Release|Win32
		{7DA4211A-D6BD-4F3E-8FC6-AA47DC8EBC66}.Release.Build.0 = Release|Win32
		{999F6F58-3518-4F66-AEDD-FAD808DA2878}.Debug.ActiveCfg = Release|Win32
		{999F6F58-3518-4F66-AEDD-FAD808DA2878}.Debug.Build.0 = Release|Win32
		{999F6F58-3518-4F66-AEDD-FAD808DA2878}.Release.ActiveCfg = Release|Win32
		{999F6F58-3518-4F66-AEDD-FAD808DA2878}.Release.Build.0 = Release|Win32
		{18BBFFEC-92F0-40C7-BDF9-2C2D5CA62673}.Debug.ActiveCfg = Release|Win32
		{18BBFFEC-92F0-40C7-BDF9-2C2D5CA62673}.Debug.Build.0 = Release|Win32
		{18BBFFEC-92F0-40C7-BDF9-2C2D5CA62673}.Release.ActiveCfg = Release|Win32
		{18BBFFEC-92F0-40C7-BDF9-2C2D5CA62673}.Release.Build.0 = Release|Win32
		{C658B38D-B4E7-434D-8431-88BAD8CF0781}.Debug.ActiveCfg = Release|Win32
		{C658B38D-B4E7-434D-8431-88BAD8CF0781}.Debug.Build.0 = Release|Win32
		{C658B38D-B4E7-434D-8431-88BAD8CF0781}.Release.ActiveCfg = Release|Win32
		{C658B38D-B4E7-434D-8431-88BAD8CF0781}.Release.Build.0 = Release|Win32
		{1CE76EE8-27D4-41AE-9229-5B09922EBFE9}.Debug.ActiveCfg = Release|Win32
		{1CE76EE8-27D4-41AE-9229-5B09922EBFE9}.Debug.Build.0 = Release|Win32
		{1CE76EE8-27D4-41AE-9229-5B09922EBFE9}.Release.ActiveCfg = Release|Win32
		{1CE76EE8-27D4-41AE-9229-5B09922EBFE9}.Release.Build.0 = Release|Win32
		{68E3AB20-1BC1-4852-9A91-33DADFCED7CA}.Debug.ActiveCfg = Release|Win32
		{68E3AB20-1BC1-4852-9A91-33DADFCED7CA}.Debug.Build.0 = Release|Win32
		{68E3AB20-1BC1-4852-9A91-33DADFCED7CA}.Release.ActiveCfg = Release|Win32
		{68E3AB20-1BC1-4852-9A91-33DADFCED7CA}.Release.Build.0 = Release|Win32
		{37D500C5-E6C4-4E56-BFAA-33F1303B147C}.Debug.ActiveCfg = Release|Win32
		{37D500C5-E6C4-4E56-BFAA-33F1303B147C}.Debug.Build.0 = Release|Win32
		{37D500C5-E6C4-4E56-BFAA-33F1303B147C}.Release.ActiveCfg = Release|Win32
		{37D500C5-E6C4-4E56-BFAA-33F1303B147C}.Release.Build.0 = Release|Win32
		{1CE76EE8-27D4-41AE-9229-5B09922EBFE9}.Debug.ActiveCfg = Release|Win32
		{1CE76EE8-27D4-41AE-9229-5B09922EBFE9}.Debug.Build.0 = Release|Win32
		{1CE76EE8-27D4-41AE-9229-5B09922EBFE9}.Release.ActiveCfg = Release|Win32
		{1CE76EE8-27D4-41AE-9229-5B09922EBFE9}.Release.Build.0 = Release|Win32
		{7DA4211A-D6BD-4F3E-8FC6-AA47DC8EBC66}.Debug.ActiveCfg = Release|Win32
		{7DA4211A-D6BD-4F3E-8FC6-AA47DC8EBC66}.Debug.Build.0 = Release|Win32
		{7DA4211A-D6BD-4F3E-8FC6-AA47DC8EBC66}.Release.ActiveCfg = Release|Win32
		{7DA4211A-D6BD-4F3E-8FC6-AA47DC8EBC66}.Release.Build.0 = Release|Win32
		{65AA7404-28C1-4B15-979E-4D3A14092CC1}.Debug.ActiveCfg = Release|Win32
		{65AA7404-28C1-4B15-979E-4D3A14092CC1}.Debug.Build.0 = Release|Win32
		{65AA7404-28C1-4B15-979E-4D3A14092CC1}.Release.ActiveCfg = Release|Win32
		{65AA7404-28C1-4B15-979E-4D3A14092CC1}.Release.Build.0 = Release|Win32
	EndGlobalSection
	GlobalSection(ExtensibilityGlobals) = postSolution
	EndGlobalSection
	GlobalSection(ExtensibilityAddIns) = postSolution
	EndGlobalSection
EndGlobal
